
Microsoft Visual Studio Solution File, Format Version 12.00
# Visual Studio Version 17
VisualStudioVersion = 17.7.34221.43
MinimumVisualStudioVersion = 10.0.40219.1
Project("{FAE04EC0-301F-11D3-BF4B-00C04F79EFBC}") = "Barvy", "Barvy\Barvy.csproj", "{D32B4E00-E10E-4591-8728-D18BEEE9BF8F}"
EndProject
Project("{2150E333-8FDC-42A3-9474-1A3956D46DE8}") = "Solution Items", "Solution Items", "{5E8794B8-FD86-4B3B-A55D-3DDA42F69617}"
EndProject
Global
	GlobalSection(SolutionConfigurationPlatforms) = preSolution
		Debug|Any CPU = Debug|Any CPU
		Release|Any CPU = Release|Any CPU
	EndGlobalSection
	GlobalSection(ProjectConfigurationPlatforms) = postSolution
		{D32B4E00-E10E-4591-8728-D18BEEE9BF8F}.Debug|Any CPU.ActiveCfg = Debug|Any CPU
		{D32B4E00-E10E-4591-8728-D18BEEE9BF8F}.Debug|Any CPU.Build.0 = Debug|Any CPU
		{D32B4E00-E10E-4591-8728-D18BEEE9BF8F}.Release|Any CPU.ActiveCfg = Release|Any CPU
		{D32B4E00-E10E-4591-8728-D18BEEE9BF8F}.Release|Any CPU.Build.0 = Release|Any CPU
	EndGlobalSection
	GlobalSection(SolutionProperties) = preSolution
		HideSolutionNode = FALSE
	EndGlobalSection
	GlobalSection(ExtensibilityGlobals) = postSolution
		SolutionGuid = {7E37A6E1-CAA0-4C43-85A1-A7B516D86690}
	EndGlobalSection
EndGlobal
